
Microsoft Visual Studio Solution File, Format Version 12.00
# Visual Studio Version 17
VisualStudioVersion = 17.14.36518.9 d17.14
MinimumVisualStudioVersion = 10.0.40219.1
Project("{FAE04EC0-301F-11D3-BF4B-00C04F79EFBC}") = "CollectionConsumer", "CollectionConsumer\CollectionConsumer.csproj", "{C32804B1-8403-4AE2-A9D6-AE87E4FFCD60}"
EndProject
Global
	GlobalSection(SolutionConfigurationPlatforms) = preSolution
		Debug|Any CPU = Debug|Any CPU
		Release|Any CPU = Release|Any CPU
	EndGlobalSection
	GlobalSection(ProjectConfigurationPlatforms) = postSolution
		{C32804B1-8403-4AE2-A9D6-AE87E4FFCD60}.Debug|Any CPU.ActiveCfg = Debug|Any CPU
		{C32804B1-8403-4AE2-A9D6-AE87E4FFCD60}.Debug|Any CPU.Build.0 = Debug|Any CPU
		{C32804B1-8403-4AE2-A9D6-AE87E4FFCD60}.Release|Any CPU.ActiveCfg = Release|Any CPU
		{C32804B1-8403-4AE2-A9D6-AE87E4FFCD60}.Release|Any CPU.Build.0 = Release|Any CPU
	EndGlobalSection
	GlobalSection(SolutionProperties) = preSolution
		HideSolutionNode = FALSE
	EndGlobalSection
	GlobalSection(ExtensibilityGlobals) = postSolution
		SolutionGuid = {54538EB5-5256-4867-A046-9A8B255576E7}
	EndGlobalSection
EndGlobal
